
Microsoft Visual Studio Solution File, Format Version 12.00
# Visual Studio Version 16
VisualStudioVersion = 16.0.30717.126
MinimumVisualStudioVersion = 10.0.40219.1
Project("{FAE04EC0-301F-11D3-BF4B-00C04F79EFBC}") = "Day1", "Day1\Day1.csproj", "{5B72D2A4-6B30-400F-BCD4-F80C0006BFE6}"
EndProject
Project("{FAE04EC0-301F-11D3-BF4B-00C04F79EFBC}") = "Day1Tests", "Day1Tests\Day1Tests.csproj", "{C8D3CE2D-34DA-4A9A-9CF9-1D4A481C4CEC}"
EndProject
Global
	GlobalSection(SolutionConfigurationPlatforms) = preSolution
		Debug|Any CPU = Debug|Any CPU
		Release|Any CPU = Release|Any CPU
	EndGlobalSection
	GlobalSection(ProjectConfigurationPlatforms) = postSolution
		{5B72D2A4-6B30-400F-BCD4-F80C0006BFE6}.Debug|Any CPU.ActiveCfg = Debug|Any CPU
		{5B72D2A4-6B30-400F-BCD4-F80C0006BFE6}.Debug|Any CPU.Build.0 = Debug|Any CPU
		{5B72D2A4-6B30-400F-BCD4-F80C0006BFE6}.Release|Any CPU.ActiveCfg = Release|Any CPU
		{5B72D2A4-6B30-400F-BCD4-F80C0006BFE6}.Release|Any CPU.Build.0 = Release|Any CPU
		{C8D3CE2D-34DA-4A9A-9CF9-1D4A481C4CEC}.Debug|Any CPU.ActiveCfg = Debug|Any CPU
		{C8D3CE2D-34DA-4A9A-9CF9-1D4A481C4CEC}.Debug|Any CPU.Build.0 = Debug|Any CPU
		{C8D3CE2D-34DA-4A9A-9CF9-1D4A481C4CEC}.Release|Any CPU.ActiveCfg = Release|Any CPU
		{C8D3CE2D-34DA-4A9A-9CF9-1D4A481C4CEC}.Release|Any CPU.Build.0 = Release|Any CPU
	EndGlobalSection
	GlobalSection(SolutionProperties) = preSolution
		HideSolutionNode = FALSE
	EndGlobalSection
	GlobalSection(ExtensibilityGlobals) = postSolution
		SolutionGuid = {52683590-5A00-48A5-A5EC-5EABA7ED983C}
	EndGlobalSection
EndGlobal
